{
  "version": 4,
  "terraform_version": "1.9.8",
  "serial": 2,
  "lineage": "2184bb95-4dff-a074-16f8-1c9fc0c7848f",
  "outputs": {},
  "resources": [
    {
      "mode": "managed",
      "type": "aws_s3_bucket",
      "name": "cargotank",
      "provider": "provider[\"registry.terraform.io/hashicorp/aws\"]",
      "instances": [
        {
          "schema_version": 0,
          "attributes_flat": {
            "acceleration_status": "",
            "acl": "private",
            "arn": "arn:aws:s3:::cargotank",
            "bucket": "cargotank",
            "bucket_domain_name": "cargotank.s3.amazonaws.com",
            "bucket_prefix": "",
            "bucket_regional_domain_name": "cargotank.s3.us-west-2.amazonaws.com",
            "cors_rule.#": "0",
            "force_destroy": "false",
            "grant.#": "1",
            "grant.0.id": "b3b23dd60e4ea2a601e68fae3b61071102e13dc3ed0c1d6455fe0b715239a9e5",
            "grant.0.permissions.#": "1",
            "grant.0.permissions.0": "FULL_CONTROL",
            "grant.0.type": "CanonicalUser",
            "grant.0.uri": "",
            "hosted_zone_id": "Z3BJ6K6RIION7M",
            "id": "cargotank",
            "lifecycle_rule.#": "0",
            "logging.#": "0",
            "object_lock_configuration.#": "0",
            "object_lock_enabled": "false",
            "policy": "",
            "region": "us-west-2",
            "replication_configuration.#": "0",
            "request_payer": "BucketOwner",
            "server_side_encryption_configuration.#": "1",
            "server_side_encryption_configuration.0.rule.#": "1",
            "server_side_encryption_configuration.0.rule.0.apply_server_side_encryption_by_default.#": "1",
            "server_side_encryption_configuration.0.rule.0.apply_server_side_encryption_by_default.0.kms_master_key_id": "",
            "server_side_encryption_configuration.0.rule.0.apply_server_side_encryption_by_default.0.sse_algorithm": "AES256",
            "server_side_encryption_configuration.0.rule.0.bucket_key_enabled": "true",
            "tags.%": "2",
            "tags.IMPORT1": "true",
            "tags.Name": "cargotank",
            "tags_all.%": "2",
            "tags_all.IMPORT1": "true",
            "tags_all.Name": "cargotank",
            "versioning.#": "1",
            "versioning.0.enabled": "false",
            "versioning.0.mfa_delete": "false",
            "website.#": "0"
          },
          "sensitive_attributes": []
        }
      ]
    },
    {
      "mode": "managed",
      "type": "aws_vpc",
      "name": "cwhipple-vpc",
      "provider": "provider[\"registry.terraform.io/hashicorp/aws\"]",
      "instances": [
        {
          "schema_version": 1,
          "attributes_flat": {
            "arn": "arn:aws:ec2:us-west-2:582983609964:vpc/vpc-0986049ec4a0709a8",
            "assign_generated_ipv6_cidr_block": "false",
            "cidr_block": "10.0.0.0/16",
            "default_network_acl_id": "acl-00e1ae46f3e558611",
            "default_route_table_id": "rtb-03b2c67dbfc184836",
            "default_security_group_id": "sg-0ec395ca669d9dd45",
            "dhcp_options_id": "dopt-d18707b9",
            "enable_classiclink": "false",
            "enable_classiclink_dns_support": "false",
            "enable_dns_hostnames": "true",
            "enable_dns_support": "true",
            "enable_network_address_usage_metrics": "false",
            "id": "vpc-0986049ec4a0709a8",
            "instance_tenancy": "default",
            "ipv6_association_id": "",
            "ipv6_cidr_block": "",
            "ipv6_cidr_block_network_border_group": "",
            "ipv6_ipam_pool_id": "",
            "ipv6_netmask_length": "0",
            "main_route_table_id": "rtb-03b2c67dbfc184836",
            "owner_id": "582983609964",
            "tags.%": "2",
            "tags.IMPORT1": "abc",
            "tags.Name": "cwhipple-vpc",
            "tags_all.%": "2",
            "tags_all.IMPORT1": "abc",
            "tags_all.Name": "cwhipple-vpc"
          },
          "sensitive_attributes": []
        }
      ]
    }
  ],
  "check_results": null
}
