{
  "version": 4,
  "terraform_version": "1.5.7",
  "serial": 2,
  "lineage": "147236f1-3c48-a847-18e1-be49909bf5c3",
  "outputs": {},
  "resources": [
    {
      "mode": "managed",
      "type": "aws_vpc",
      "name": "nis_sbox_9434_data_vpc",
      "provider": "provider[\"registry.terraform.io/hashicorp/aws\"]",
      "instances": [
        {
          "schema_version": 1,
          "attributes": {
            "arn": "arn:aws:ec2:us-west-2:117750079434:vpc/vpc-06fcf348ee019d263",
            "assign_generated_ipv6_cidr_block": false,
            "cidr_block": "10.154.144.128/25",
            "default_network_acl_id": "acl-014c85f0ce207ca97",
            "default_route_table_id": "rtb-0fc978f88f3a2c068",
            "default_security_group_id": "sg-077e6ebf514371066",
            "dhcp_options_id": "dopt-0000ab65be63ea3fd",
            "enable_dns_hostnames": true,
            "enable_dns_support": true,
            "enable_network_address_usage_metrics": false,
            "id": "vpc-06fcf348ee019d263",
            "instance_tenancy": "default",
            "ipv4_ipam_pool_id": null,
            "ipv4_netmask_length": null,
            "ipv6_association_id": "",
            "ipv6_cidr_block": "",
            "ipv6_cidr_block_network_border_group": "",
            "ipv6_ipam_pool_id": "",
            "ipv6_netmask_length": 0,
            "main_route_table_id": "rtb-0fc978f88f3a2c068",
            "owner_id": "117750079434",
            "tags": {
              "Name": "DHCS-EITS-Dev-Sandbox2-Data"
            },
            "tags_all": {
              "Name": "DHCS-EITS-Dev-Sandbox2-Data"
            }
          },
          "sensitive_attributes": [],
          "private": "eyJzY2hlbWFfdmVyc2lvbiI6IjEifQ=="
        }
      ]
    },
    {
      "mode": "managed",
      "type": "aws_vpc",
      "name": "nis_sbox_9434_internal_vpc",
      "provider": "provider[\"registry.terraform.io/hashicorp/aws\"]",
      "instances": [
        {
          "schema_version": 1,
          "attributes": {
            "arn": "arn:aws:ec2:us-west-2:117750079434:vpc/vpc-0760a01e935f7b0a4",
            "assign_generated_ipv6_cidr_block": false,
            "cidr_block": "10.154.144.0/25",
            "default_network_acl_id": "acl-0ef5ecbdd8147a1da",
            "default_route_table_id": "rtb-04930398d6f0dfb39",
            "default_security_group_id": "sg-09b7b1d0aebcf3463",
            "dhcp_options_id": "dopt-0000ab65be63ea3fd",
            "enable_dns_hostnames": true,
            "enable_dns_support": true,
            "enable_network_address_usage_metrics": false,
            "id": "vpc-0760a01e935f7b0a4",
            "instance_tenancy": "default",
            "ipv4_ipam_pool_id": null,
            "ipv4_netmask_length": null,
            "ipv6_association_id": "",
            "ipv6_cidr_block": "",
            "ipv6_cidr_block_network_border_group": "",
            "ipv6_ipam_pool_id": "",
            "ipv6_netmask_length": 0,
            "main_route_table_id": "rtb-04930398d6f0dfb39",
            "owner_id": "117750079434",
            "tags": {
              "Name": "DHCS-EITS-Dev-Sandbox2-internal"
            },
            "tags_all": {
              "Name": "DHCS-EITS-Dev-Sandbox2-internal"
            }
          },
          "sensitive_attributes": [],
          "private": "eyJzY2hlbWFfdmVyc2lvbiI6IjEifQ=="
        }
      ]
    }
  ],
  "check_results": null
}
